
Microsoft Visual Studio Solution File, Format Version 12.00
# Visual Studio Version 17
VisualStudioVersion = 17.9.34622.214
MinimumVisualStudioVersion = 10.0.40219.1
Project("{FAE04EC0-301F-11D3-BF4B-00C04F79EFBC}") = "Övning 2", "Övning 2.csproj", "{D4A9D9E0-6CC0-4E93-85DD-DE0FD620A606}"
EndProject
Global
	GlobalSection(SolutionConfigurationPlatforms) = preSolution
		Debug|Any CPU = Debug|Any CPU
		Release|Any CPU = Release|Any CPU
	EndGlobalSection
	GlobalSection(ProjectConfigurationPlatforms) = postSolution
		{D4A9D9E0-6CC0-4E93-85DD-DE0FD620A606}.Debug|Any CPU.ActiveCfg = Debug|Any CPU
		{D4A9D9E0-6CC0-4E93-85DD-DE0FD620A606}.Debug|Any CPU.Build.0 = Debug|Any CPU
		{D4A9D9E0-6CC0-4E93-85DD-DE0FD620A606}.Release|Any CPU.ActiveCfg = Release|Any CPU
		{D4A9D9E0-6CC0-4E93-85DD-DE0FD620A606}.Release|Any CPU.Build.0 = Release|Any CPU
	EndGlobalSection
	GlobalSection(SolutionProperties) = preSolution
		HideSolutionNode = FALSE
	EndGlobalSection
	GlobalSection(ExtensibilityGlobals) = postSolution
		SolutionGuid = {FE33E249-F420-4ABE-965A-1E894CCF106D}
	EndGlobalSection
EndGlobal
